
Microsoft Visual Studio Solution File, Format Version 12.00
# Visual Studio Version 17
VisualStudioVersion = 17.11.35303.130
MinimumVisualStudioVersion = 10.0.40219.1
Project("{9A19103F-16F7-4668-BE54-9A1E7A4F7556}") = "BulkyWeb", "BulkyWeb\BulkyWeb.csproj", "{1873C3B3-6F0A-4270-A17C-1023A98EFA8D}"
EndProject
Project("{9A19103F-16F7-4668-BE54-9A1E7A4F7556}") = "BulkyWeb_RazorApp", "BulkyWeb_RazorApp\BulkyWeb_RazorApp.csproj", "{850F92B3-EA43-4977-B0D7-B1064BAE15F9}"
EndProject
Global
	GlobalSection(SolutionConfigurationPlatforms) = preSolution
		Debug|Any CPU = Debug|Any CPU
		Release|Any CPU = Release|Any CPU
	EndGlobalSection
	GlobalSection(ProjectConfigurationPlatforms) = postSolution
		{1873C3B3-6F0A-4270-A17C-1023A98EFA8D}.Debug|Any CPU.ActiveCfg = Debug|Any CPU
		{1873C3B3-6F0A-4270-A17C-1023A98EFA8D}.Debug|Any CPU.Build.0 = Debug|Any CPU
		{1873C3B3-6F0A-4270-A17C-1023A98EFA8D}.Release|Any CPU.ActiveCfg = Release|Any CPU
		{1873C3B3-6F0A-4270-A17C-1023A98EFA8D}.Release|Any CPU.Build.0 = Release|Any CPU
		{850F92B3-EA43-4977-B0D7-B1064BAE15F9}.Debug|Any CPU.ActiveCfg = Debug|Any CPU
		{850F92B3-EA43-4977-B0D7-B1064BAE15F9}.Debug|Any CPU.Build.0 = Debug|Any CPU
		{850F92B3-EA43-4977-B0D7-B1064BAE15F9}.Release|Any CPU.ActiveCfg = Release|Any CPU
		{850F92B3-EA43-4977-B0D7-B1064BAE15F9}.Release|Any CPU.Build.0 = Release|Any CPU
	EndGlobalSection
	GlobalSection(SolutionProperties) = preSolution
		HideSolutionNode = FALSE
	EndGlobalSection
	GlobalSection(ExtensibilityGlobals) = postSolution
		SolutionGuid = {0C52635C-F2EB-44CD-9587-679D5BED1322}
	EndGlobalSection
EndGlobal
